// !$*UTF8*$!
{
	archiveVersion = 1;
	classes = {
	};
	objectVersion = 46;
	objects = {

/* Begin PBXBuildFile section */
		A8EA5AD61B46EB0100341444 /* main.m in Sources */ = {isa = PBXBuildFile; fileRef = A8EA5AD51B46EB0100341444 /* main.m */; };
		A8EA5AD91B46EB0100341444 /* AppDelegate.m in Sources */ = {isa = PBXBuildFile; fileRef = A8EA5AD81B46EB0100341444 /* AppDelegate.m */; };
		A8EA5ADC1B46EB0100341444 /* ViewController.m in Sources */ = {isa = PBXBuildFile; fileRef = A8EA5ADB1B46EB0100341444 /* ViewController.m */; };
		A8EA5ADF1B46EB0100341444 /* Main.storyboard in Resources */ = {isa = PBXBuildFile; fileRef = A8EA5ADD1B46EB0100341444 /* Main.storyboard */; };
		A8EA5AE11B46EB0100341444 /* Images.xcassets in Resources */ = {isa = PBXBuildFile; fileRef = A8EA5AE01B46EB0100341444 /* Images.xcassets */; };
		A8EA5AE41B46EB0100341444 /* LaunchScreen.xib in Resources */ = {isa = PBXBuildFile; fileRef = A8EA5AE21B46EB0100341444 /* LaunchScreen.xib */; };
		A8EA5AF01B46EB0100341444 /* test12345Tests.m in Sources */ = {isa = PBXBuildFile; fileRef = A8EA5AEF1B46EB0100341444 /* test12345Tests.m */; };
/* End PBXBuildFile section */

/* Begin PBXContainerItemProxy section */
		A8EA5AEA1B46EB0100341444 /* PBXContainerItemProxy */ = {
			isa = PBXContainerItemProxy;
			containerPortal = A8EA5AC81B46EB0100341444 /* Project object */;
			proxyType = 1;
			remoteGlobalIDString = A8EA5ACF1B46EB0100341444;
			remoteInfo = test12345;
		};
/* End PBXContainerItemProxy section */

/* Begin PBXFileReference section */
		A8EA5AD01B46EB0100341444 /* test12345.app */ = {isa = PBXFileReference; explicitFileType = wrapper.application; includeInIndex = 0; path = test12345.app; sourceTree = BUILT_PRODUCTS_DIR; };
		A8EA5AD41B46EB0100341444 /* Info.plist */ = {isa = PBXFileReference; lastKnownFileType = text.plist.xml; path = Info.plist; sourceTree = "<group>"; };
		A8EA5AD51B46EB0100341444 /* main.m */ = {isa = PBXFileReference; lastKnownFileType = sourcecode.c.objc; path = main.m; sourceTree = "<group>"; };
		A8EA5AD71B46EB0100341444 /* AppDelegate.h */ = {isa = PBXFileReference; lastKnownFileType = sourcecode.c.h; path = AppDelegate.h; sourceTree = "<group>"; };
		A8EA5AD81B46EB0100341444 /* AppDelegate.m */ = {isa = PBXFileReference; lastKnownFileType = sourcecode.c.objc; path = AppDelegate.m; sourceTree = "<group>"; };
		A8EA5ADA1B46EB0100341444 /* ViewController.h */ = {isa = PBXFileReference; lastKnownFileType = sourcecode.c.h; path = ViewController.h; sourceTree = "<group>"; };
		A8EA5ADB1B46EB0100341444 /* ViewController.m */ = {isa = PBXFileReference; lastKnownFileType = sourcecode.c.objc; path = ViewController.m; sourceTree = "<group>"; };
		A8EA5ADE1B46EB0100341444 /* Base */ = {isa = PBXFileReference; lastKnownFileType = file.storyboard; name = Base; path = Base.lproj/Main.storyboard; sourceTree = "<group>"; };
		A8EA5AE01B46EB0100341444 /* Images.xcassets */ = {isa = PBXFileReference; lastKnownFileType = folder.assetcatalog; path = Images.xcassets; sourceTree = "<group>"; };
		A8EA5AE31B46EB0100341444 /* Base */ = {isa = PBXFileReference; lastKnownFileType = file.xib; name = Base; path = Base.lproj/LaunchScreen.xib; sourceTree = "<group>"; };
		A8EA5AE91B46EB0100341444 /* test12345Tests.xctest */ = {isa = PBXFileReference; explicitFileType = wrapper.cfbundle; includeInIndex = 0; path = test12345Tests.xctest; sourceTree = BUILT_PRODUCTS_DIR; };
		A8EA5AEE1B46EB0100341444 /* Info.plist */ = {isa = PBXFileReference; lastKnownFileType = text.plist.xml; path = Info.plist; sourceTree = "<group>"; };
		A8EA5AEF1B46EB0100341444 /* test12345Tests.m */ = {isa = PBXFileReference; lastKnownFileType = sourcecode.c.objc; path = test12345Tests.m; sourceTree = "<group>"; };
/* End PBXFileReference section */

/* Begin PBXFrameworksBuildPhase section */
		A8EA5ACD1B46EB0100341444 /* Frameworks */ = {
			isa = PBXFrameworksBuildPhase;
			buildActionMask = 2147483647;
			files = (
			);
			runOnlyForDeploymentPostprocessing = 0;
		};
		A8EA5AE61B46EB0100341444 /* Frameworks */ = {
			isa = PBXFrameworksBuildPhase;
			buildActionMask = 2147483647;
			files = (
			);
			runOnlyForDeploymentPostprocessing = 0;
		};
/* End PBXFrameworksBuildPhase section */

/* Begin PBXGroup section */
		A8EA5AC71B46EB0100341444 = {
			isa = PBXGroup;
			children = (
				A8EA5AD21B46EB0100341444 /* test12345 */,
				A8EA5AEC1B46EB0100341444 /* test12345Tests */,
				A8EA5AD11B46EB0100341444 /* Products */,
			);
			sourceTree = "<group>";
		};
		A8EA5AD11B46EB0100341444 /* Products */ = {
			isa = PBXGroup;
			children = (
				A8EA5AD01B46EB0100341444 /* test12345.app */,
				A8EA5AE91B46EB0100341444 /* test12345Tests.xctest */,
			);
			name = Products;
			sourceTree = "<group>";
		};
		A8EA5AD21B46EB0100341444 /* test12345 */ = {
			isa = PBXGroup;
			children = (
				A8EA5AD71B46EB0100341444 /* AppDelegate.h */,
				A8EA5AD81B46EB0100341444 /* AppDelegate.m */,
				A8EA5ADA1B46EB0100341444 /* ViewController.h */,
				A8EA5ADB1B46EB0100341444 /* ViewController.m */,
				A8EA5ADD1B46EB0100341444 /* Main.storyboard */,
				A8EA5AE01B46EB0100341444 /* Images.xcassets */,
				A8EA5AE21B46EB0100341444 /* LaunchScreen.xib */,
				A8EA5AD31B46EB0100341444 /* Supporting Files */,
			);
			path = test12345;
			sourceTree = "<group>";
		};
		A8EA5AD31B46EB0100341444 /* Supporting Files */ = {
			isa = PBXGroup;
			children = (
				A8EA5AD41B46EB0100341444 /* Info.plist */,
				A8EA5AD51B46EB0100341444 /* main.m */,
			);
			name = "Supporting Files";
			sourceTree = "<group>";
		};
		A8EA5AEC1B46EB0100341444 /* test12345Tests */ = {
			isa = PBXGroup;
			children = (
				A8EA5AEF1B46EB0100341444 /* test12345Tests.m */,
				A8EA5AED1B46EB0100341444 /* Supporting Files */,
			);
			path = test12345Tests;
			sourceTree = "<group>";
		};
		A8EA5AED1B46EB0100341444 /* Supporting Files */ = {
			isa = PBXGroup;
			children = (
				A8EA5AEE1B46EB0100341444 /* Info.plist */,
			);
			name = "Supporting Files";
			sourceTree = "<group>";
		};
/* End PBXGroup section */

/* Begin PBXNativeTarget section */
		A8EA5ACF1B46EB0100341444 /* test12345 */ = {
			isa = PBXNativeTarget;
			buildConfigurationList = A8EA5AF31B46EB0100341444 /* Build configuration list for PBXNativeTarget "test12345" */;
			buildPhases = (
				A8EA5ACC1B46EB0100341444 /* Sources */,
				A8EA5ACD1B46EB0100341444 /* Frameworks */,
				A8EA5ACE1B46EB0100341444 /* Resources */,
			);
			buildRules = (
			);
			dependencies = (
			);
			name = test12345;
			productName = test12345;
			productReference = A8EA5AD01B46EB0100341444 /* test12345.app */;
			productType = "com.apple.product-type.application";
		};
		A8EA5AE81B46EB0100341444 /* test12345Tests */ = {
			isa = PBXNativeTarget;
			buildConfigurationList = A8EA5AF61B46EB0100341444 /* Build configuration list for PBXNativeTarget "test12345Tests" */;
			buildPhases = (
				A8EA5AE51B46EB0100341444 /* Sources */,
				A8EA5AE61B46EB0100341444 /* Frameworks */,
				A8EA5AE71B46EB0100341444 /* Resources */,
			);
			buildRules = (
			);
			dependencies = (
				A8EA5AEB1B46EB0100341444 /* PBXTargetDependency */,
			);
			name = test12345Tests;
			productName = test12345Tests;
			productReference = A8EA5AE91B46EB0100341444 /* test12345Tests.xctest */;
			productType = "com.apple.product-type.bundle.unit-test";
		};
/* End PBXNativeTarget section */

/* Begin PBXProject section */
		A8EA5AC81B46EB0100341444 /* Project object */ = {
			isa = PBXProject;
			attributes = {
				LastUpgradeCheck = 0640;
				ORGANIZATIONNAME = AndLi;
				TargetAttributes = {
					A8EA5ACF1B46EB0100341444 = {
						CreatedOnToolsVersion = 6.4;
						DevelopmentTeam = ZW95P3X8Q5;
					};
					A8EA5AE81B46EB0100341444 = {
						CreatedOnToolsVersion = 6.4;
						TestTargetID = A8EA5ACF1B46EB0100341444;
					};
				};
			};
			buildConfigurationList = A8EA5ACB1B46EB0100341444 /* Build configuration list for PBXProject "test12345" */;
			compatibilityVersion = "Xcode 3.2";
			developmentRegion = English;
			hasScannedForEncodings = 0;
			knownRegions = (
				en,
				Base,
			);
			mainGroup = A8EA5AC71B46EB0100341444;
			productRefGroup = A8EA5AD11B46EB0100341444 /* Products */;
			projectDirPath = "";
			projectRoot = "";
			targets = (
				A8EA5ACF1B46EB0100341444 /* test12345 */,
				A8EA5AE81B46EB0100341444 /* test12345Tests */,
			);
		};
/* End PBXProject section */

/* Begin PBXResourcesBuildPhase section */
		A8EA5ACE1B46EB0100341444 /* Resources */ = {
			isa = PBXResourcesBuildPhase;
			buildActionMask = 2147483647;
			files = (
				A8EA5ADF1B46EB0100341444 /* Main.storyboard in Resources */,
				A8EA5AE41B46EB0100341444 /* LaunchScreen.xib in Resources */,
				A8EA5AE11B46EB0100341444 /* Images.xcassets in Resources */,
			);
			runOnlyForDeploymentPostprocessing = 0;
		};
		A8EA5AE71B46EB0100341444 /* Resources */ = {
			isa = PBXResourcesBuildPhase;
			buildActionMask = 2147483647;
			files = (
			);
			runOnlyForDeploymentPostprocessing = 0;
		};
/* End PBXResourcesBuildPhase section */

/* Begin PBXSourcesBuildPhase section */
		A8EA5ACC1B46EB0100341444 /* Sources */ = {
			isa = PBXSourcesBuildPhase;
			buildActionMask = 2147483647;
			files = (
				A8EA5ADC1B46EB0100341444 /* ViewController.m in Sources */,
				A8EA5AD91B46EB0100341444 /* AppDelegate.m in Sources */,
				A8EA5AD61B46EB0100341444 /* main.m in Sources */,
			);
			runOnlyForDeploymentPostprocessing = 0;
		};
		A8EA5AE51B46EB0100341444 /* Sources */ = {
			isa = PBXSourcesBuildPhase;
			buildActionMask = 2147483647;
			files = (
				A8EA5AF01B46EB0100341444 /* test12345Tests.m in Sources */,
			);
			runOnlyForDeploymentPostprocessing = 0;
		};
/* End PBXSourcesBuildPhase section */

/* Begin PBXTargetDependency section */
		A8EA5AEB1B46EB0100341444 /* PBXTargetDependency */ = {
			isa = PBXTargetDependency;
			target = A8EA5ACF1B46EB0100341444 /* test12345 */;
			targetProxy = A8EA5AEA1B46EB0100341444 /* PBXContainerItemProxy */;
		};
/* End PBXTargetDependency section */

/* Begin PBXVariantGroup section */
		A8EA5ADD1B46EB0100341444 /* Main.storyboard */ = {
			isa = PBXVariantGroup;
			children = (
				A8EA5ADE1B46EB0100341444 /* Base */,
			);
			name = Main.storyboard;
			sourceTree = "<group>";
		};
		A8EA5AE21B46EB0100341444 /* LaunchScreen.xib */ = {
			isa = PBXVariantGroup;
			children = (
				A8EA5AE31B46EB0100341444 /* Base */,
			);
			name = LaunchScreen.xib;
			sourceTree = "<group>";
		};
/* End PBXVariantGroup section */

/* Begin XCBuildConfiguration section */
		A8EA5AF11B46EB0100341444 /* Debug */ = {
			isa = XCBuildConfiguration;
			buildSettings = {
				ALWAYS_SEARCH_USER_PATHS = NO;
				CLANG_CXX_LANGUAGE_STANDARD = "gnu++0x";
				CLANG_CXX_LIBRARY = "libc++";
				CLANG_ENABLE_MODULES = YES;
				CLANG_ENABLE_OBJC_ARC = YES;
				CLANG_WARN_BOOL_CONVERSION = YES;
				CLANG_WARN_CONSTANT_CONVERSION = YES;
				CLANG_WARN_DIRECT_OBJC_ISA_USAGE = YES_ERROR;
				CLANG_WARN_EMPTY_BODY = YES;
				CLANG_WARN_ENUM_CONVERSION = YES;
				CLANG_WARN_INT_CONVERSION = YES;
				CLANG_WARN_OBJC_ROOT_CLASS = YES_ERROR;
				CLANG_WARN_UNREACHABLE_CODE = YES;
				CLANG_WARN__DUPLICATE_METHOD_MATCH = YES;
				CODE_SIGN_IDENTITY = "iPhone Developer";
				"CODE_SIGN_IDENTITY[sdk=iphoneos*]" = "iPhone Developer";
				COPY_PHASE_STRIP = NO;
				DEBUG_INFORMATION_FORMAT = "dwarf-with-dsym";
				ENABLE_STRICT_OBJC_MSGSEND = YES;
				GCC_C_LANGUAGE_STANDARD = gnu99;
				GCC_DYNAMIC_NO_PIC = NO;
				GCC_NO_COMMON_BLOCKS = YES;
				GCC_OPTIMIZATION_LEVEL = 0;
				GCC_PREPROCESSOR_DEFINITIONS = (
					"DEBUG=1",
					"$(inherited)",
				);
				GCC_SYMBOLS_PRIVATE_EXTERN = NO;
				GCC_WARN_64_TO_32_BIT_CONVERSION = YES;
				GCC_WARN_ABOUT_RETURN_TYPE = YES_ERROR;
				GCC_WARN_UNDECLARED_SELECTOR = YES;
				GCC_WARN_UNINITIALIZED_AUTOS = YES_AGGRESSIVE;
				GCC_WARN_UNUSED_FUNCTION = YES;
				GCC_WARN_UNUSED_VARIABLE = YES;
				IPHONEOS_DEPLOYMENT_TARGET = 8.4;
				MTL_ENABLE_DEBUG_INFO = YES;
				ONLY_ACTIVE_ARCH = YES;
				SDKROOT = iphoneos;
			};
			name = Debug;
		};
		A8EA5AF21B46EB0100341444 /* Release */ = {
			isa = XCBuildConfiguration;
			buildSettings = {
				ALWAYS_SEARCH_USER_PATHS = NO;
				CLANG_CXX_LANGUAGE_STANDARD = "gnu++0x";
				CLANG_CXX_LIBRARY = "libc++";
				CLANG_ENABLE_MODULES = YES;
				CLANG_ENABLE_OBJC_ARC = YES;
				CLANG_WARN_BOOL_CONVERSION = YES;
				CLANG_WARN_CONSTANT_CONVERSION = YES;
				CLANG_WARN_DIRECT_OBJC_ISA_USAGE = YES_ERROR;
				CLANG_WARN_EMPTY_BODY = YES;
				CLANG_WARN_ENUM_CONVERSION = YES;
				CLANG_WARN_INT_CONVERSION = YES;
				CLANG_WARN_OBJC_ROOT_CLASS = YES_ERROR;
				CLANG_WARN_UNREACHABLE_CODE = YES;
				CLANG_WARN__DUPLICATE_METHOD_MATCH = YES;
				CODE_SIGN_IDENTITY = "iPhone Developer";
				"CODE_SIGN_IDENTITY[sdk=iphoneos*]" = "iPhone Developer";
				COPY_PHASE_STRIP = NO;
				DEBUG_INFORMATION_FORMAT = "dwarf-with-dsym";
				ENABLE_NS_ASSERTIONS = NO;
				ENABLE_STRICT_OBJC_MSGSEND = YES;
				GCC_C_LANGUAGE_STANDARD = gnu99;
				GCC_NO_COMMON_BLOCKS = YES;
				GCC_WARN_64_TO_32_BIT_CONVERSION = YES;
				GCC_WARN_ABOUT_RETURN_TYPE = YES_ERROR;
				GCC_WARN_UNDECLARED_SELECTOR = YES;
				GCC_WARN_UNINITIALIZED_AUTOS = YES_AGGRESSIVE;
				GCC_WARN_UNUSED_FUNCTION = YES;
				GCC_WARN_UNUSED_VARIABLE = YES;
				IPHONEOS_DEPLOYMENT_TARGET = 8.4;
				MTL_ENABLE_DEBUG_INFO = NO;
				SDKROOT = iphoneos;
				VALIDATE_PRODUCT = YES;
			};
			name = Release;
		};
		A8EA5AF41B46EB0100341444 /* Debug */ = {
			isa = XCBuildConfiguration;
			buildSettings = {
				ASSETCATALOG_COMPILER_APPICON_NAME = AppIcon;
				CODE_SIGN_IDENTITY = "iPhone Developer";
				INFOPLIST_FILE = test12345/Info.plist;
				LD_RUNPATH_SEARCH_PATHS = "$(inherited) @executable_path/Frameworks";
				PRODUCT_NAME = "$(TARGET_NAME)";
			};
			name = Debug;
		};
		A8EA5AF51B46EB0100341444 /* Release */ = {
			isa = XCBuildConfiguration;
			buildSettings = {
				ASSETCATALOG_COMPILER_APPICON_NAME = AppIcon;
				CODE_SIGN_IDENTITY = "iPhone Developer";
				INFOPLIST_FILE = test12345/Info.plist;
				LD_RUNPATH_SEARCH_PATHS = "$(inherited) @executable_path/Frameworks";
				PRODUCT_NAME = "$(TARGET_NAME)";
			};
			name = Release;
		};
		A8EA5AF71B46EB0100341444 /* Debug */ = {
			isa = XCBuildConfiguration;
			buildSettings = {
				BUNDLE_LOADER = "$(TEST_HOST)";
				FRAMEWORK_SEARCH_PATHS = (
					"$(SDKROOT)/Developer/Library/Frameworks",
					"$(inherited)",
				);
				GCC_PREPROCESSOR_DEFINITIONS = (
					"DEBUG=1",
					"$(inherited)",
				);
				INFOPLIST_FILE = test12345Tests/Info.plist;
				LD_RUNPATH_SEARCH_PATHS = "$(inherited) @executable_path/Frameworks @loader_path/Frameworks";
				PRODUCT_NAME = "$(TARGET_NAME)";
				TEST_HOST = "$(BUILT_PRODUCTS_DIR)/test12345.app/test12345";
			};
			name = Debug;
		};
		A8EA5AF81B46EB0100341444 /* Release */ = {
			isa = XCBuildConfiguration;
			buildSettings = {
				BUNDLE_LOADER = "$(TEST_HOST)";
				FRAMEWORK_SEARCH_PATHS = (
					"$(SDKROOT)/Developer/Library/Frameworks",
					"$(inherited)",
				);
				INFOPLIST_FILE = test12345Tests/Info.plist;
				LD_RUNPATH_SEARCH_PATHS = "$(inherited) @executable_path/Frameworks @loader_path/Frameworks";
				PRODUCT_NAME = "$(TARGET_NAME)";
				TEST_HOST = "$(BUILT_PRODUCTS_DIR)/test12345.app/test12345";
			};
			name = Release;
		};
/* End XCBuildConfiguration section */

/* Begin XCConfigurationList section */
		A8EA5ACB1B46EB0100341444 /* Build configuration list for PBXProject "test12345" */ = {
			isa = XCConfigurationList;
			buildConfigurations = (
				A8EA5AF11B46EB0100341444 /* Debug */,
				A8EA5AF21B46EB0100341444 /* Release */,
			);
			defaultConfigurationIsVisible = 0;
			defaultConfigurationName = Release;
		};
		A8EA5AF31B46EB0100341444 /* Build configuration list for PBXNativeTarget "test12345" */ = {
			isa = XCConfigurationList;
			buildConfigurations = (
				A8EA5AF41B46EB0100341444 /* Debug */,
				A8EA5AF51B46EB0100341444 /* Release */,
			);
			defaultConfigurationIsVisible = 0;
			defaultConfigurationName = Release;
		};
		A8EA5AF61B46EB0100341444 /* Build configuration list for PBXNativeTarget "test12345Tests" */ = {
			isa = XCConfigurationList;
			buildConfigurations = (
				A8EA5AF71B46EB0100341444 /* Debug */,
				A8EA5AF81B46EB0100341444 /* Release */,
			);
			defaultConfigurationIsVisible = 0;
			defaultConfigurationName = Release;
		};
/* End XCConfigurationList section */
	};
	rootObject = A8EA5AC81B46EB0100341444 /* Project object */;
}
